
Microsoft Visual Studio Solution File, Format Version 12.00
# Visual Studio Version 17
VisualStudioVersion = 17.8.34525.116
MinimumVisualStudioVersion = 10.0.40219.1
Project("{FAE04EC0-301F-11D3-BF4B-00C04F79EFBC}") = "quiz4-demo2", "quiz4-demo2\quiz4-demo2.csproj", "{BE8F67BE-D292-4789-87DD-662151DC8865}"
EndProject
Global
	GlobalSection(SolutionConfigurationPlatforms) = preSolution
		Debug|Any CPU = Debug|Any CPU
		Release|Any CPU = Release|Any CPU
	EndGlobalSection
	GlobalSection(ProjectConfigurationPlatforms) = postSolution
		{BE8F67BE-D292-4789-87DD-662151DC8865}.Debug|Any CPU.ActiveCfg = Debug|Any CPU
		{BE8F67BE-D292-4789-87DD-662151DC8865}.Debug|Any CPU.Build.0 = Debug|Any CPU
		{BE8F67BE-D292-4789-87DD-662151DC8865}.Release|Any CPU.ActiveCfg = Release|Any CPU
		{BE8F67BE-D292-4789-87DD-662151DC8865}.Release|Any CPU.Build.0 = Release|Any CPU
	EndGlobalSection
	GlobalSection(SolutionProperties) = preSolution
		HideSolutionNode = FALSE
	EndGlobalSection
	GlobalSection(ExtensibilityGlobals) = postSolution
		SolutionGuid = {2EFC1951-C316-4F02-AA95-FDBFCF88D0E4}
	EndGlobalSection
EndGlobal
